
Microsoft Visual Studio Solution File, Format Version 12.00
# Visual Studio Version 17
VisualStudioVersion = 17.0.31903.59
MinimumVisualStudioVersion = 10.0.40219.1
Project("{2150E333-8FDC-42A3-9474-1A3956D46DE8}") = "src", "src", "{827E0CD3-B72D-47B6-A68D-7590B98EB39B}"
EndProject
Project("{FAE04EC0-301F-11D3-BF4B-00C04F79EFBC}") = "Terma.Domain", "src\Terma.Domain\Terma.Domain.csproj", "{178FF239-FC58-4BE0-9593-84B294124061}"
EndProject
Project("{FAE04EC0-301F-11D3-BF4B-00C04F79EFBC}") = "Terma.Application", "src\Terma.Application\Terma.Application.csproj", "{38D59190-D782-4C4B-867E-99EAC88A260F}"
EndProject
Project("{FAE04EC0-301F-11D3-BF4B-00C04F79EFBC}") = "Terma.Infrastructure", "src\Terma.Infrastructure\Terma.Infrastructure.csproj", "{1129F099-6C21-4814-A345-B2F861E890FC}"
EndProject
Project("{FAE04EC0-301F-11D3-BF4B-00C04F79EFBC}") = "Terma.Api", "src\Terma.Api\Terma.Api.csproj", "{FF1A5318-FDB2-41D9-8F2C-C3E1A88C5986}"
EndProject
Project("{2150E333-8FDC-42A3-9474-1A3956D46DE8}") = "tests", "tests", "{0AB3BF05-4346-4AA6-1389-037BE0695223}"
EndProject
Project("{FAE04EC0-301F-11D3-BF4B-00C04F79EFBC}") = "Terma.UnitTests", "tests\Terma.UnitTests\Terma.UnitTests.csproj", "{75E4FEFB-FE9B-4373-8EAA-0C5AF66F2433}"
EndProject
Project("{FAE04EC0-301F-11D3-BF4B-00C04F79EFBC}") = "Terma.IntegrationTests", "tests\Terma.IntegrationTests\Terma.IntegrationTests.csproj", "{F9F3A2ED-C170-407C-8778-3A7B44227638}"
EndProject
Global
	GlobalSection(SolutionConfigurationPlatforms) = preSolution
		Debug|Any CPU = Debug|Any CPU
		Debug|x64 = Debug|x64
		Debug|x86 = Debug|x86
		Release|Any CPU = Release|Any CPU
		Release|x64 = Release|x64
		Release|x86 = Release|x86
	EndGlobalSection
	GlobalSection(ProjectConfigurationPlatforms) = postSolution
		{178FF239-FC58-4BE0-9593-84B294124061}.Debug|Any CPU.ActiveCfg = Debug|Any CPU
		{178FF239-FC58-4BE0-9593-84B294124061}.Debug|Any CPU.Build.0 = Debug|Any CPU
		{178FF239-FC58-4BE0-9593-84B294124061}.Debug|x64.ActiveCfg = Debug|Any CPU
		{178FF239-FC58-4BE0-9593-84B294124061}.Debug|x64.Build.0 = Debug|Any CPU
		{178FF239-FC58-4BE0-9593-84B294124061}.Debug|x86.ActiveCfg = Debug|Any CPU
		{178FF239-FC58-4BE0-9593-84B294124061}.Debug|x86.Build.0 = Debug|Any CPU
		{178FF239-FC58-4BE0-9593-84B294124061}.Release|Any CPU.ActiveCfg = Release|Any CPU
		{178FF239-FC58-4BE0-9593-84B294124061}.Release|Any CPU.Build.0 = Release|Any CPU
		{178FF239-FC58-4BE0-9593-84B294124061}.Release|x64.ActiveCfg = Release|Any CPU
		{178FF239-FC58-4BE0-9593-84B294124061}.Release|x64.Build.0 = Release|Any CPU
		{178FF239-FC58-4BE0-9593-84B294124061}.Release|x86.ActiveCfg = Release|Any CPU
		{178FF239-FC58-4BE0-9593-84B294124061}.Release|x86.Build.0 = Release|Any CPU
		{38D59190-D782-4C4B-867E-99EAC88A260F}.Debug|Any CPU.ActiveCfg = Debug|Any CPU
		{38D59190-D782-4C4B-867E-99EAC88A260F}.Debug|Any CPU.Build.0 = Debug|Any CPU
		{38D59190-D782-4C4B-867E-99EAC88A260F}.Debug|x64.ActiveCfg = Debug|Any CPU
		{38D59190-D782-4C4B-867E-99EAC88A260F}.Debug|x64.Build.0 = Debug|Any CPU
		{38D59190-D782-4C4B-867E-99EAC88A260F}.Debug|x86.ActiveCfg = Debug|Any CPU
		{38D59190-D782-4C4B-867E-99EAC88A260F}.Debug|x86.Build.0 = Debug|Any CPU
		{38D59190-D782-4C4B-867E-99EAC88A260F}.Release|Any CPU.ActiveCfg = Release|Any CPU
		{38D59190-D782-4C4B-867E-99EAC88A260F}.Release|Any CPU.Build.0 = Release|Any CPU
		{38D59190-D782-4C4B-867E-99EAC88A260F}.Release|x64.ActiveCfg = Release|Any CPU
		{38D59190-D782-4C4B-867E-99EAC88A260F}.Release|x64.Build.0 = Release|Any CPU
		{38D59190-D782-4C4B-867E-99EAC88A260F}.Release|x86.ActiveCfg = Release|Any CPU
		{38D59190-D782-4C4B-867E-99EAC88A260F}.Release|x86.Build.0 = Release|Any CPU
		{1129F099-6C21-4814-A345-B2F861E890FC}.Debug|Any CPU.ActiveCfg = Debug|Any CPU
		{1129F099-6C21-4814-A345-B2F861E890FC}.Debug|Any CPU.Build.0 = Debug|Any CPU
		{1129F099-6C21-4814-A345-B2F861E890FC}.Debug|x64.ActiveCfg = Debug|Any CPU
		{1129F099-6C21-4814-A345-B2F861E890FC}.Debug|x64.Build.0 = Debug|Any CPU
		{1129F099-6C21-4814-A345-B2F861E890FC}.Debug|x86.ActiveCfg = Debug|Any CPU
		{1129F099-6C21-4814-A345-B2F861E890FC}.Debug|x86.Build.0 = Debug|Any CPU
		{1129F099-6C21-4814-A345-B2F861E890FC}.Release|Any CPU.ActiveCfg = Release|Any CPU
		{1129F099-6C21-4814-A345-B2F861E890FC}.Release|Any CPU.Build.0 = Release|Any CPU
		{1129F099-6C21-4814-A345-B2F861E890FC}.Release|x64.ActiveCfg = Release|Any CPU
		{1129F099-6C21-4814-A345-B2F861E890FC}.Release|x64.Build.0 = Release|Any CPU
		{1129F099-6C21-4814-A345-B2F861E890FC}.Release|x86.ActiveCfg = Release|Any CPU
		{1129F099-6C21-4814-A345-B2F861E890FC}.Release|x86.Build.0 = Release|Any CPU
		{FF1A5318-FDB2-41D9-8F2C-C3E1A88C5986}.Debug|Any CPU.ActiveCfg = Debug|Any CPU
		{FF1A5318-FDB2-41D9-8F2C-C3E1A88C5986}.Debug|Any CPU.Build.0 = Debug|Any CPU
		{FF1A5318-FDB2-41D9-8F2C-C3E1A88C5986}.Debug|x64.ActiveCfg = Debug|Any CPU
		{FF1A5318-FDB2-41D9-8F2C-C3E1A88C5986}.Debug|x64.Build.0 = Debug|Any CPU
		{FF1A5318-FDB2-41D9-8F2C-C3E1A88C5986}.Debug|x86.ActiveCfg = Debug|Any CPU
		{FF1A5318-FDB2-41D9-8F2C-C3E1A88C5986}.Debug|x86.Build.0 = Debug|Any CPU
		{FF1A5318-FDB2-41D9-8F2C-C3E1A88C5986}.Release|Any CPU.ActiveCfg = Release|Any CPU
		{FF1A5318-FDB2-41D9-8F2C-C3E1A88C5986}.Release|Any CPU.Build.0 = Release|Any CPU
		{FF1A5318-FDB2-41D9-8F2C-C3E1A88C5986}.Release|x64.ActiveCfg = Release|Any CPU
		{FF1A5318-FDB2-41D9-8F2C-C3E1A88C5986}.Release|x64.Build.0 = Release|Any CPU
		{FF1A5318-FDB2-41D9-8F2C-C3E1A88C5986}.Release|x86.ActiveCfg = Release|Any CPU
		{FF1A5318-FDB2-41D9-8F2C-C3E1A88C5986}.Release|x86.Build.0 = Release|Any CPU
		{75E4FEFB-FE9B-4373-8EAA-0C5AF66F2433}.Debug|Any CPU.ActiveCfg = Debug|Any CPU
		{75E4FEFB-FE9B-4373-8EAA-0C5AF66F2433}.Debug|Any CPU.Build.0 = Debug|Any CPU
		{75E4FEFB-FE9B-4373-8EAA-0C5AF66F2433}.Debug|x64.ActiveCfg = Debug|Any CPU
		{75E4FEFB-FE9B-4373-8EAA-0C5AF66F2433}.Debug|x64.Build.0 = Debug|Any CPU
		{75E4FEFB-FE9B-4373-8EAA-0C5AF66F2433}.Debug|x86.ActiveCfg = Debug|Any CPU
		{75E4FEFB-FE9B-4373-8EAA-0C5AF66F2433}.Debug|x86.Build.0 = Debug|Any CPU
		{75E4FEFB-FE9B-4373-8EAA-0C5AF66F2433}.Release|Any CPU.ActiveCfg = Release|Any CPU
		{75E4FEFB-FE9B-4373-8EAA-0C5AF66F2433}.Release|Any CPU.Build.0 = Release|Any CPU
		{75E4FEFB-FE9B-4373-8EAA-0C5AF66F2433}.Release|x64.ActiveCfg = Release|Any CPU
		{75E4FEFB-FE9B-4373-8EAA-0C5AF66F2433}.Release|x64.Build.0 = Release|Any CPU
		{75E4FEFB-FE9B-4373-8EAA-0C5AF66F2433}.Release|x86.ActiveCfg = Release|Any CPU
		{75E4FEFB-FE9B-4373-8EAA-0C5AF66F2433}.Release|x86.Build.0 = Release|Any CPU
		{F9F3A2ED-C170-407C-8778-3A7B44227638}.Debug|Any CPU.ActiveCfg = Debug|Any CPU
		{F9F3A2ED-C170-407C-8778-3A7B44227638}.Debug|Any CPU.Build.0 = Debug|Any CPU
		{F9F3A2ED-C170-407C-8778-3A7B44227638}.Debug|x64.ActiveCfg = Debug|Any CPU
		{F9F3A2ED-C170-407C-8778-3A7B44227638}.Debug|x64.Build.0 = Debug|Any CPU
		{F9F3A2ED-C170-407C-8778-3A7B44227638}.Debug|x86.ActiveCfg = Debug|Any CPU
		{F9F3A2ED-C170-407C-8778-3A7B44227638}.Debug|x86.Build.0 = Debug|Any CPU
		{F9F3A2ED-C170-407C-8778-3A7B44227638}.Release|Any CPU.ActiveCfg = Release|Any CPU
		{F9F3A2ED-C170-407C-8778-3A7B44227638}.Release|Any CPU.Build.0 = Release|Any CPU
		{F9F3A2ED-C170-407C-8778-3A7B44227638}.Release|x64.ActiveCfg = Release|Any CPU
		{F9F3A2ED-C170-407C-8778-3A7B44227638}.Release|x64.Build.0 = Release|Any CPU
		{F9F3A2ED-C170-407C-8778-3A7B44227638}.Release|x86.ActiveCfg = Release|Any CPU
		{F9F3A2ED-C170-407C-8778-3A7B44227638}.Release|x86.Build.0 = Release|Any CPU
	EndGlobalSection
	GlobalSection(SolutionProperties) = preSolution
		HideSolutionNode = FALSE
	EndGlobalSection
	GlobalSection(NestedProjects) = preSolution
		{178FF239-FC58-4BE0-9593-84B294124061} = {827E0CD3-B72D-47B6-A68D-7590B98EB39B}
		{38D59190-D782-4C4B-867E-99EAC88A260F} = {827E0CD3-B72D-47B6-A68D-7590B98EB39B}
		{1129F099-6C21-4814-A345-B2F861E890FC} = {827E0CD3-B72D-47B6-A68D-7590B98EB39B}
		{FF1A5318-FDB2-41D9-8F2C-C3E1A88C5986} = {827E0CD3-B72D-47B6-A68D-7590B98EB39B}
		{75E4FEFB-FE9B-4373-8EAA-0C5AF66F2433} = {0AB3BF05-4346-4AA6-1389-037BE0695223}
		{F9F3A2ED-C170-407C-8778-3A7B44227638} = {0AB3BF05-4346-4AA6-1389-037BE0695223}
	EndGlobalSection
EndGlobal
